// !$*UTF8*$!
{
	archiveVersion = 1;
	classes = {
	};
	objectVersion = 56;
	objects = {

/* Begin PBXBuildFile section */
		3087C9A2A3468BDC3C37669A /* Pods_MoviesDemoApp.framework in Frameworks */ = {isa = PBXBuildFile; fileRef = 6784C4F11EAC5797C767ACA1 /* Pods_MoviesDemoApp.framework */; };
		4803303028D9CFE000E53E12 /* NetworkManager.swift in Sources */ = {isa = PBXBuildFile; fileRef = 4803302F28D9CFE000E53E12 /* NetworkManager.swift */; };
		4803303328D9D04200E53E12 /* Endpoints.swift in Sources */ = {isa = PBXBuildFile; fileRef = 4803303228D9D04200E53E12 /* Endpoints.swift */; };
		4803303528D9D59300E53E12 /* Constant.swift in Sources */ = {isa = PBXBuildFile; fileRef = 4803303428D9D59300E53E12 /* Constant.swift */; };
		486ECA1728DB1E06004C2665 /* MovieListTableViewCell.xib in Resources */ = {isa = PBXBuildFile; fileRef = 486ECA1628DB1E06004C2665 /* MovieListTableViewCell.xib */; };
		486ECA1928DB21E3004C2665 /* MovieDetailViewController.swift in Sources */ = {isa = PBXBuildFile; fileRef = 486ECA1828DB21E3004C2665 /* MovieDetailViewController.swift */; };
		486ECA1B28DB21F4004C2665 /* MovieDetailStoryboard.storyboard in Resources */ = {isa = PBXBuildFile; fileRef = 486ECA1A28DB21F4004C2665 /* MovieDetailStoryboard.storyboard */; };
		486ECA1D28DB267B004C2665 /* Date+Extension.swift in Sources */ = {isa = PBXBuildFile; fileRef = 486ECA1C28DB267B004C2665 /* Date+Extension.swift */; };
		486ECA1F28DB3309004C2665 /* MovieDetail.swift in Sources */ = {isa = PBXBuildFile; fileRef = 486ECA1E28DB3309004C2665 /* MovieDetail.swift */; };
		4870749028D8723200127281 /* AppDelegate.swift in Sources */ = {isa = PBXBuildFile; fileRef = 4870748F28D8723200127281 /* AppDelegate.swift */; };
		4870749228D8723200127281 /* SceneDelegate.swift in Sources */ = {isa = PBXBuildFile; fileRef = 4870749128D8723200127281 /* SceneDelegate.swift */; };
		4870749428D8723200127281 /* ViewController.swift in Sources */ = {isa = PBXBuildFile; fileRef = 4870749328D8723200127281 /* ViewController.swift */; };
		4870749728D8723200127281 /* Main.storyboard in Resources */ = {isa = PBXBuildFile; fileRef = 4870749528D8723200127281 /* Main.storyboard */; };
		4870749928D8723400127281 /* Assets.xcassets in Resources */ = {isa = PBXBuildFile; fileRef = 4870749828D8723400127281 /* Assets.xcassets */; };
		4870749C28D8723400127281 /* LaunchScreen.storyboard in Resources */ = {isa = PBXBuildFile; fileRef = 4870749A28D8723400127281 /* LaunchScreen.storyboard */; };
		48741BF728DB129000A0C18B /* UIImageView+Extension.swift in Sources */ = {isa = PBXBuildFile; fileRef = 48741BF628DB129000A0C18B /* UIImageView+Extension.swift */; };
		48741BF928DB12CA00A0C18B /* Constants.swift in Sources */ = {isa = PBXBuildFile; fileRef = 48741BF828DB12CA00A0C18B /* Constants.swift */; };
		487843A728DAFEDD00CDA7AB /* UITableViewCell+Extension.swift in Sources */ = {isa = PBXBuildFile; fileRef = 487843A628DAFEDD00CDA7AB /* UITableViewCell+Extension.swift */; };
		48A3E1DB28DAE278002D218D /* DiscoverModel.swift in Sources */ = {isa = PBXBuildFile; fileRef = 48A3E1DA28DAE278002D218D /* DiscoverModel.swift */; };
		48A3E1DD28DAE761002D218D /* UITableView+Extension.swift in Sources */ = {isa = PBXBuildFile; fileRef = 48A3E1DC28DAE761002D218D /* UITableView+Extension.swift */; };
		48A3E1E528DAF79E002D218D /* MovieListTableViewCell.swift in Sources */ = {isa = PBXBuildFile; fileRef = 48A3E1E328DAF79E002D218D /* MovieListTableViewCell.swift */; };
		48D6F30928DADBE8006C86CC /* MovieListViewController.swift in Sources */ = {isa = PBXBuildFile; fileRef = 48D6F30828DADBE8006C86CC /* MovieListViewController.swift */; };
		48D6F30B28DADBF9006C86CC /* MovieListStoryboard.storyboard in Resources */ = {isa = PBXBuildFile; fileRef = 48D6F30A28DADBF9006C86CC /* MovieListStoryboard.storyboard */; };
/* End PBXBuildFile section */

/* Begin PBXFileReference section */
		074F940A2576F481C985F5A0 /* Pods-MoviesDemoApp.release.xcconfig */ = {isa = PBXFileReference; includeInIndex = 1; lastKnownFileType = text.xcconfig; name = "Pods-MoviesDemoApp.release.xcconfig"; path = "Target Support Files/Pods-MoviesDemoApp/Pods-MoviesDemoApp.release.xcconfig"; sourceTree = "<group>"; };
		4803302F28D9CFE000E53E12 /* NetworkManager.swift */ = {isa = PBXFileReference; lastKnownFileType = sourcecode.swift; path = NetworkManager.swift; sourceTree = "<group>"; };
		4803303228D9D04200E53E12 /* Endpoints.swift */ = {isa = PBXFileReference; lastKnownFileType = sourcecode.swift; path = Endpoints.swift; sourceTree = "<group>"; };
		4803303428D9D59300E53E12 /* Constant.swift */ = {isa = PBXFileReference; lastKnownFileType = sourcecode.swift; path = Constant.swift; sourceTree = "<group>"; };
		486ECA1628DB1E06004C2665 /* MovieListTableViewCell.xib */ = {isa = PBXFileReference; fileEncoding = 4; lastKnownFileType = file.xib; path = MovieListTableViewCell.xib; sourceTree = "<group>"; };
		486ECA1828DB21E3004C2665 /* MovieDetailViewController.swift */ = {isa = PBXFileReference; lastKnownFileType = sourcecode.swift; path = MovieDetailViewController.swift; sourceTree = "<group>"; };
		486ECA1A28DB21F4004C2665 /* MovieDetailStoryboard.storyboard */ = {isa = PBXFileReference; lastKnownFileType = file.storyboard; path = MovieDetailStoryboard.storyboard; sourceTree = "<group>"; };
		486ECA1C28DB267B004C2665 /* Date+Extension.swift */ = {isa = PBXFileReference; lastKnownFileType = sourcecode.swift; path = "Date+Extension.swift"; sourceTree = "<group>"; };
		486ECA1E28DB3309004C2665 /* MovieDetail.swift */ = {isa = PBXFileReference; lastKnownFileType = sourcecode.swift; path = MovieDetail.swift; sourceTree = "<group>"; };
		4870748C28D8723200127281 /* MoviesDemoApp.app */ = {isa = PBXFileReference; explicitFileType = wrapper.application; includeInIndex = 0; path = MoviesDemoApp.app; sourceTree = BUILT_PRODUCTS_DIR; };
		4870748F28D8723200127281 /* AppDelegate.swift */ = {isa = PBXFileReference; lastKnownFileType = sourcecode.swift; path = AppDelegate.swift; sourceTree = "<group>"; };
		4870749128D8723200127281 /* SceneDelegate.swift */ = {isa = PBXFileReference; lastKnownFileType = sourcecode.swift; path = SceneDelegate.swift; sourceTree = "<group>"; };
		4870749328D8723200127281 /* ViewController.swift */ = {isa = PBXFileReference; lastKnownFileType = sourcecode.swift; path = ViewController.swift; sourceTree = "<group>"; };
		4870749628D8723200127281 /* Base */ = {isa = PBXFileReference; lastKnownFileType = file.storyboard; name = Base; path = Base.lproj/Main.storyboard; sourceTree = "<group>"; };
		4870749828D8723400127281 /* Assets.xcassets */ = {isa = PBXFileReference; lastKnownFileType = folder.assetcatalog; path = Assets.xcassets; sourceTree = "<group>"; };
		4870749B28D8723400127281 /* Base */ = {isa = PBXFileReference; lastKnownFileType = file.storyboard; name = Base; path = Base.lproj/LaunchScreen.storyboard; sourceTree = "<group>"; };
		4870749D28D8723400127281 /* Info.plist */ = {isa = PBXFileReference; lastKnownFileType = text.plist.xml; path = Info.plist; sourceTree = "<group>"; };
		48741BF628DB129000A0C18B /* UIImageView+Extension.swift */ = {isa = PBXFileReference; lastKnownFileType = sourcecode.swift; path = "UIImageView+Extension.swift"; sourceTree = "<group>"; };
		48741BF828DB12CA00A0C18B /* Constants.swift */ = {isa = PBXFileReference; lastKnownFileType = sourcecode.swift; path = Constants.swift; sourceTree = "<group>"; };
		487843A628DAFEDD00CDA7AB /* UITableViewCell+Extension.swift */ = {isa = PBXFileReference; lastKnownFileType = sourcecode.swift; path = "UITableViewCell+Extension.swift"; sourceTree = "<group>"; };
		48A3E1DA28DAE278002D218D /* DiscoverModel.swift */ = {isa = PBXFileReference; lastKnownFileType = sourcecode.swift; path = DiscoverModel.swift; sourceTree = "<group>"; };
		48A3E1DC28DAE761002D218D /* UITableView+Extension.swift */ = {isa = PBXFileReference; lastKnownFileType = sourcecode.swift; path = "UITableView+Extension.swift"; sourceTree = "<group>"; };
		48A3E1E328DAF79E002D218D /* MovieListTableViewCell.swift */ = {isa = PBXFileReference; lastKnownFileType = sourcecode.swift; path = MovieListTableViewCell.swift; sourceTree = "<group>"; };
		48D6F30828DADBE8006C86CC /* MovieListViewController.swift */ = {isa = PBXFileReference; lastKnownFileType = sourcecode.swift; path = MovieListViewController.swift; sourceTree = "<group>"; };
		48D6F30A28DADBF9006C86CC /* MovieListStoryboard.storyboard */ = {isa = PBXFileReference; lastKnownFileType = file.storyboard; path = MovieListStoryboard.storyboard; sourceTree = "<group>"; };
		6784C4F11EAC5797C767ACA1 /* Pods_MoviesDemoApp.framework */ = {isa = PBXFileReference; explicitFileType = wrapper.framework; includeInIndex = 0; path = Pods_MoviesDemoApp.framework; sourceTree = BUILT_PRODUCTS_DIR; };
		9B6E3F0982E98D0F2790A73A /* Pods-MoviesDemoApp.debug.xcconfig */ = {isa = PBXFileReference; includeInIndex = 1; lastKnownFileType = text.xcconfig; name = "Pods-MoviesDemoApp.debug.xcconfig"; path = "Target Support Files/Pods-MoviesDemoApp/Pods-MoviesDemoApp.debug.xcconfig"; sourceTree = "<group>"; };
/* End PBXFileReference section */

/* Begin PBXFrameworksBuildPhase section */
		4870748928D8723200127281 /* Frameworks */ = {
			isa = PBXFrameworksBuildPhase;
			buildActionMask = 2147483647;
			files = (
				3087C9A2A3468BDC3C37669A /* Pods_MoviesDemoApp.framework in Frameworks */,
			);
			runOnlyForDeploymentPostprocessing = 0;
		};
/* End PBXFrameworksBuildPhase section */

/* Begin PBXGroup section */
		2CE785DFD02F73D9D437C581 /* Pods */ = {
			isa = PBXGroup;
			children = (
				9B6E3F0982E98D0F2790A73A /* Pods-MoviesDemoApp.debug.xcconfig */,
				074F940A2576F481C985F5A0 /* Pods-MoviesDemoApp.release.xcconfig */,
			);
			path = Pods;
			sourceTree = "<group>";
		};
		4803302C28D9CF7300E53E12 /* Network Manager */ = {
			isa = PBXGroup;
			children = (
				4803303228D9D04200E53E12 /* Endpoints.swift */,
				4803302F28D9CFE000E53E12 /* NetworkManager.swift */,
			);
			path = "Network Manager";
			sourceTree = "<group>";
		};
		4803303128D9D03400E53E12 /* Helpers */ = {
			isa = PBXGroup;
			children = (
				4803303428D9D59300E53E12 /* Constant.swift */,
			);
			path = Helpers;
			sourceTree = "<group>";
		};
		4803303628D9DCCD00E53E12 /* Models */ = {
			isa = PBXGroup;
			children = (
				48A3E1DA28DAE278002D218D /* DiscoverModel.swift */,
				486ECA1E28DB3309004C2665 /* MovieDetail.swift */,
			);
			path = Models;
			sourceTree = "<group>";
		};
		4803303928D9FBCA00E53E12 /* Resources */ = {
			isa = PBXGroup;
			children = (
				4870748F28D8723200127281 /* AppDelegate.swift */,
				4870749128D8723200127281 /* SceneDelegate.swift */,
				48741BF828DB12CA00A0C18B /* Constants.swift */,
			);
			path = Resources;
			sourceTree = "<group>";
		};
		4803303A28D9FBEC00E53E12 /* MovieList */ = {
			isa = PBXGroup;
			children = (
				48A3E1E028DAF75D002D218D /* TableViewCell */,
				48D6F30828DADBE8006C86CC /* MovieListViewController.swift */,
				48D6F30A28DADBF9006C86CC /* MovieListStoryboard.storyboard */,
			);
			path = MovieList;
			sourceTree = "<group>";
		};
		4803303B28D9FC1100E53E12 /* MovieDetail */ = {
			isa = PBXGroup;
			children = (
				486ECA1828DB21E3004C2665 /* MovieDetailViewController.swift */,
				486ECA1A28DB21F4004C2665 /* MovieDetailStoryboard.storyboard */,
			);
			path = MovieDetail;
			sourceTree = "<group>";
		};
		4803303C28D9FC2600E53E12 /* Modules */ = {
			isa = PBXGroup;
			children = (
				4803303A28D9FBEC00E53E12 /* MovieList */,
				4803303B28D9FC1100E53E12 /* MovieDetail */,
			);
			path = Modules;
			sourceTree = "<group>";
		};
		4803309D28DAC86D00E53E12 /* Extension */ = {
			isa = PBXGroup;
			children = (
				48A3E1DC28DAE761002D218D /* UITableView+Extension.swift */,
				487843A628DAFEDD00CDA7AB /* UITableViewCell+Extension.swift */,
				48741BF628DB129000A0C18B /* UIImageView+Extension.swift */,
				486ECA1C28DB267B004C2665 /* Date+Extension.swift */,
			);
			path = Extension;
			sourceTree = "<group>";
		};
		4870748328D8723200127281 = {
			isa = PBXGroup;
			children = (
				4870748E28D8723200127281 /* MoviesDemoApp */,
				4870748D28D8723200127281 /* Products */,
				2CE785DFD02F73D9D437C581 /* Pods */,
				7B40A116FD571FEB8BBB2A45 /* Frameworks */,
			);
			sourceTree = "<group>";
		};
		4870748D28D8723200127281 /* Products */ = {
			isa = PBXGroup;
			children = (
				4870748C28D8723200127281 /* MoviesDemoApp.app */,
			);
			name = Products;
			sourceTree = "<group>";
		};
		4870748E28D8723200127281 /* MoviesDemoApp */ = {
			isa = PBXGroup;
			children = (
				4803309D28DAC86D00E53E12 /* Extension */,
				4803303928D9FBCA00E53E12 /* Resources */,
				4803303128D9D03400E53E12 /* Helpers */,
				4803302C28D9CF7300E53E12 /* Network Manager */,
				4803303628D9DCCD00E53E12 /* Models */,
				4803303C28D9FC2600E53E12 /* Modules */,
				4870749328D8723200127281 /* ViewController.swift */,
				4870749528D8723200127281 /* Main.storyboard */,
				4870749828D8723400127281 /* Assets.xcassets */,
				4870749A28D8723400127281 /* LaunchScreen.storyboard */,
				4870749D28D8723400127281 /* Info.plist */,
			);
			path = MoviesDemoApp;
			sourceTree = "<group>";
		};
		48A3E1E028DAF75D002D218D /* TableViewCell */ = {
			isa = PBXGroup;
			children = (
				48A3E1E328DAF79E002D218D /* MovieListTableViewCell.swift */,
				486ECA1628DB1E06004C2665 /* MovieListTableViewCell.xib */,
			);
			path = TableViewCell;
			sourceTree = "<group>";
		};
		7B40A116FD571FEB8BBB2A45 /* Frameworks */ = {
			isa = PBXGroup;
			children = (
				6784C4F11EAC5797C767ACA1 /* Pods_MoviesDemoApp.framework */,
			);
			name = Frameworks;
			sourceTree = "<group>";
		};
/* End PBXGroup section */

/* Begin PBXNativeTarget section */
		4870748B28D8723200127281 /* MoviesDemoApp */ = {
			isa = PBXNativeTarget;
			buildConfigurationList = 487074A028D8723400127281 /* Build configuration list for PBXNativeTarget "MoviesDemoApp" */;
			buildPhases = (
				825D87DA46E1C51CE73039F3 /* [CP] Check Pods Manifest.lock */,
				4870748828D8723200127281 /* Sources */,
				4870748928D8723200127281 /* Frameworks */,
				4870748A28D8723200127281 /* Resources */,
				4A6ACB73A994F8B2B8666705 /* [CP] Embed Pods Frameworks */,
			);
			buildRules = (
			);
			dependencies = (
			);
			name = MoviesDemoApp;
			productName = MoviesDemoApp;
			productReference = 4870748C28D8723200127281 /* MoviesDemoApp.app */;
			productType = "com.apple.product-type.application";
		};
/* End PBXNativeTarget section */

/* Begin PBXProject section */
		4870748428D8723200127281 /* Project object */ = {
			isa = PBXProject;
			attributes = {
				BuildIndependentTargetsInParallel = 1;
				LastSwiftUpdateCheck = 1400;
				LastUpgradeCheck = 1400;
				TargetAttributes = {
					4870748B28D8723200127281 = {
						CreatedOnToolsVersion = 14.0;
					};
				};
			};
			buildConfigurationList = 4870748728D8723200127281 /* Build configuration list for PBXProject "MoviesDemoApp" */;
			compatibilityVersion = "Xcode 14.0";
			developmentRegion = en;
			hasScannedForEncodings = 0;
			knownRegions = (
				en,
				Base,
			);
			mainGroup = 4870748328D8723200127281;
			productRefGroup = 4870748D28D8723200127281 /* Products */;
			projectDirPath = "";
			projectRoot = "";
			targets = (
				4870748B28D8723200127281 /* MoviesDemoApp */,
			);
		};
/* End PBXProject section */

/* Begin PBXResourcesBuildPhase section */
		4870748A28D8723200127281 /* Resources */ = {
			isa = PBXResourcesBuildPhase;
			buildActionMask = 2147483647;
			files = (
				486ECA1728DB1E06004C2665 /* MovieListTableViewCell.xib in Resources */,
				4870749C28D8723400127281 /* LaunchScreen.storyboard in Resources */,
				486ECA1B28DB21F4004C2665 /* MovieDetailStoryboard.storyboard in Resources */,
				4870749928D8723400127281 /* Assets.xcassets in Resources */,
				48D6F30B28DADBF9006C86CC /* MovieListStoryboard.storyboard in Resources */,
				4870749728D8723200127281 /* Main.storyboard in Resources */,
			);
			runOnlyForDeploymentPostprocessing = 0;
		};
/* End PBXResourcesBuildPhase section */

/* Begin PBXShellScriptBuildPhase section */
		4A6ACB73A994F8B2B8666705 /* [CP] Embed Pods Frameworks */ = {
			isa = PBXShellScriptBuildPhase;
			buildActionMask = 2147483647;
			files = (
			);
			inputFileListPaths = (
				"${PODS_ROOT}/Target Support Files/Pods-MoviesDemoApp/Pods-MoviesDemoApp-frameworks-${CONFIGURATION}-input-files.xcfilelist",
			);
			name = "[CP] Embed Pods Frameworks";
			outputFileListPaths = (
				"${PODS_ROOT}/Target Support Files/Pods-MoviesDemoApp/Pods-MoviesDemoApp-frameworks-${CONFIGURATION}-output-files.xcfilelist",
			);
			runOnlyForDeploymentPostprocessing = 0;
			shellPath = /bin/sh;
			shellScript = "\"${PODS_ROOT}/Target Support Files/Pods-MoviesDemoApp/Pods-MoviesDemoApp-frameworks.sh\"\n";
			showEnvVarsInLog = 0;
		};
		825D87DA46E1C51CE73039F3 /* [CP] Check Pods Manifest.lock */ = {
			isa = PBXShellScriptBuildPhase;
			buildActionMask = 2147483647;
			files = (
			);
			inputFileListPaths = (
			);
			inputPaths = (
				"${PODS_PODFILE_DIR_PATH}/Podfile.lock",
				"${PODS_ROOT}/Manifest.lock",
			);
			name = "[CP] Check Pods Manifest.lock";
			outputFileListPaths = (
			);
			outputPaths = (
				"$(DERIVED_FILE_DIR)/Pods-MoviesDemoApp-checkManifestLockResult.txt",
			);
			runOnlyForDeploymentPostprocessing = 0;
			shellPath = /bin/sh;
			shellScript = "diff \"${PODS_PODFILE_DIR_PATH}/Podfile.lock\" \"${PODS_ROOT}/Manifest.lock\" > /dev/null\nif [ $? != 0 ] ; then\n    # print error to STDERR\n    echo \"error: The sandbox is not in sync with the Podfile.lock. Run 'pod install' or update your CocoaPods installation.\" >&2\n    exit 1\nfi\n# This output is used by Xcode 'outputs' to avoid re-running this script phase.\necho \"SUCCESS\" > \"${SCRIPT_OUTPUT_FILE_0}\"\n";
			showEnvVarsInLog = 0;
		};
/* End PBXShellScriptBuildPhase section */

/* Begin PBXSourcesBuildPhase section */
		4870748828D8723200127281 /* Sources */ = {
			isa = PBXSourcesBuildPhase;
			buildActionMask = 2147483647;
			files = (
				4803303028D9CFE000E53E12 /* NetworkManager.swift in Sources */,
				4870749428D8723200127281 /* ViewController.swift in Sources */,
				48A3E1DD28DAE761002D218D /* UITableView+Extension.swift in Sources */,
				4870749028D8723200127281 /* AppDelegate.swift in Sources */,
				486ECA1928DB21E3004C2665 /* MovieDetailViewController.swift in Sources */,
				486ECA1D28DB267B004C2665 /* Date+Extension.swift in Sources */,
				48D6F30928DADBE8006C86CC /* MovieListViewController.swift in Sources */,
				4870749228D8723200127281 /* SceneDelegate.swift in Sources */,
				48741BF728DB129000A0C18B /* UIImageView+Extension.swift in Sources */,
				48741BF928DB12CA00A0C18B /* Constants.swift in Sources */,
				487843A728DAFEDD00CDA7AB /* UITableViewCell+Extension.swift in Sources */,
				4803303328D9D04200E53E12 /* Endpoints.swift in Sources */,
				48A3E1DB28DAE278002D218D /* DiscoverModel.swift in Sources */,
				48A3E1E528DAF79E002D218D /* MovieListTableViewCell.swift in Sources */,
				4803303528D9D59300E53E12 /* Constant.swift in Sources */,
				486ECA1F28DB3309004C2665 /* MovieDetail.swift in Sources */,
			);
			runOnlyForDeploymentPostprocessing = 0;
		};
/* End PBXSourcesBuildPhase section */

/* Begin PBXVariantGroup section */
		4870749528D8723200127281 /* Main.storyboard */ = {
			isa = PBXVariantGroup;
			children = (
				4870749628D8723200127281 /* Base */,
			);
			name = Main.storyboard;
			sourceTree = "<group>";
		};
		4870749A28D8723400127281 /* LaunchScreen.storyboard */ = {
			isa = PBXVariantGroup;
			children = (
				4870749B28D8723400127281 /* Base */,
			);
			name = LaunchScreen.storyboard;
			sourceTree = "<group>";
		};
/* End PBXVariantGroup section */

/* Begin XCBuildConfiguration section */
		4870749E28D8723400127281 /* Debug */ = {
			isa = XCBuildConfiguration;
			buildSettings = {
				ALWAYS_SEARCH_USER_PATHS = NO;
				CLANG_ANALYZER_NONNULL = YES;
				CLANG_ANALYZER_NUMBER_OBJECT_CONVERSION = YES_AGGRESSIVE;
				CLANG_CXX_LANGUAGE_STANDARD = "gnu++20";
				CLANG_ENABLE_MODULES = YES;
				CLANG_ENABLE_OBJC_ARC = YES;
				CLANG_ENABLE_OBJC_WEAK = YES;
				CLANG_WARN_BLOCK_CAPTURE_AUTORELEASING = YES;
				CLANG_WARN_BOOL_CONVERSION = YES;
				CLANG_WARN_COMMA = YES;
				CLANG_WARN_CONSTANT_CONVERSION = YES;
				CLANG_WARN_DEPRECATED_OBJC_IMPLEMENTATIONS = YES;
				CLANG_WARN_DIRECT_OBJC_ISA_USAGE = YES_ERROR;
				CLANG_WARN_DOCUMENTATION_COMMENTS = YES;
				CLANG_WARN_EMPTY_BODY = YES;
				CLANG_WARN_ENUM_CONVERSION = YES;
				CLANG_WARN_INFINITE_RECURSION = YES;
				CLANG_WARN_INT_CONVERSION = YES;
				CLANG_WARN_NON_LITERAL_NULL_CONVERSION = YES;
				CLANG_WARN_OBJC_IMPLICIT_RETAIN_SELF = YES;
				CLANG_WARN_OBJC_LITERAL_CONVERSION = YES;
				CLANG_WARN_OBJC_ROOT_CLASS = YES_ERROR;
				CLANG_WARN_QUOTED_INCLUDE_IN_FRAMEWORK_HEADER = YES;
				CLANG_WARN_RANGE_LOOP_ANALYSIS = YES;
				CLANG_WARN_STRICT_PROTOTYPES = YES;
				CLANG_WARN_SUSPICIOUS_MOVE = YES;
				CLANG_WARN_UNGUARDED_AVAILABILITY = YES_AGGRESSIVE;
				CLANG_WARN_UNREACHABLE_CODE = YES;
				CLANG_WARN__DUPLICATE_METHOD_MATCH = YES;
				COPY_PHASE_STRIP = NO;
				DEBUG_INFORMATION_FORMAT = dwarf;
				ENABLE_STRICT_OBJC_MSGSEND = YES;
				ENABLE_TESTABILITY = YES;
				GCC_C_LANGUAGE_STANDARD = gnu11;
				GCC_DYNAMIC_NO_PIC = NO;
				GCC_NO_COMMON_BLOCKS = YES;
				GCC_OPTIMIZATION_LEVEL = 0;
				GCC_PREPROCESSOR_DEFINITIONS = (
					"DEBUG=1",
					"$(inherited)",
				);
				GCC_WARN_64_TO_32_BIT_CONVERSION = YES;
				GCC_WARN_ABOUT_RETURN_TYPE = YES_ERROR;
				GCC_WARN_UNDECLARED_SELECTOR = YES;
				GCC_WARN_UNINITIALIZED_AUTOS = YES_AGGRESSIVE;
				GCC_WARN_UNUSED_FUNCTION = YES;
				GCC_WARN_UNUSED_VARIABLE = YES;
				IPHONEOS_DEPLOYMENT_TARGET = 16.0;
				MTL_ENABLE_DEBUG_INFO = INCLUDE_SOURCE;
				MTL_FAST_MATH = YES;
				ONLY_ACTIVE_ARCH = YES;
				SDKROOT = iphoneos;
				SWIFT_ACTIVE_COMPILATION_CONDITIONS = DEBUG;
				SWIFT_OPTIMIZATION_LEVEL = "-Onone";
			};
			name = Debug;
		};
		4870749F28D8723400127281 /* Release */ = {
			isa = XCBuildConfiguration;
			buildSettings = {
				ALWAYS_SEARCH_USER_PATHS = NO;
				CLANG_ANALYZER_NONNULL = YES;
				CLANG_ANALYZER_NUMBER_OBJECT_CONVERSION = YES_AGGRESSIVE;
				CLANG_CXX_LANGUAGE_STANDARD = "gnu++20";
				CLANG_ENABLE_MODULES = YES;
				CLANG_ENABLE_OBJC_ARC = YES;
				CLANG_ENABLE_OBJC_WEAK = YES;
				CLANG_WARN_BLOCK_CAPTURE_AUTORELEASING = YES;
				CLANG_WARN_BOOL_CONVERSION = YES;
				CLANG_WARN_COMMA = YES;
				CLANG_WARN_CONSTANT_CONVERSION = YES;
				CLANG_WARN_DEPRECATED_OBJC_IMPLEMENTATIONS = YES;
				CLANG_WARN_DIRECT_OBJC_ISA_USAGE = YES_ERROR;
				CLANG_WARN_DOCUMENTATION_COMMENTS = YES;
				CLANG_WARN_EMPTY_BODY = YES;
				CLANG_WARN_ENUM_CONVERSION = YES;
				CLANG_WARN_INFINITE_RECURSION = YES;
				CLANG_WARN_INT_CONVERSION = YES;
				CLANG_WARN_NON_LITERAL_NULL_CONVERSION = YES;
				CLANG_WARN_OBJC_IMPLICIT_RETAIN_SELF = YES;
				CLANG_WARN_OBJC_LITERAL_CONVERSION = YES;
				CLANG_WARN_OBJC_ROOT_CLASS = YES_ERROR;
				CLANG_WARN_QUOTED_INCLUDE_IN_FRAMEWORK_HEADER = YES;
				CLANG_WARN_RANGE_LOOP_ANALYSIS = YES;
				CLANG_WARN_STRICT_PROTOTYPES = YES;
				CLANG_WARN_SUSPICIOUS_MOVE = YES;
				CLANG_WARN_UNGUARDED_AVAILABILITY = YES_AGGRESSIVE;
				CLANG_WARN_UNREACHABLE_CODE = YES;
				CLANG_WARN__DUPLICATE_METHOD_MATCH = YES;
				COPY_PHASE_STRIP = NO;
				DEBUG_INFORMATION_FORMAT = "dwarf-with-dsym";
				ENABLE_NS_ASSERTIONS = NO;
				ENABLE_STRICT_OBJC_MSGSEND = YES;
				GCC_C_LANGUAGE_STANDARD = gnu11;
				GCC_NO_COMMON_BLOCKS = YES;
				GCC_WARN_64_TO_32_BIT_CONVERSION = YES;
				GCC_WARN_ABOUT_RETURN_TYPE = YES_ERROR;
				GCC_WARN_UNDECLARED_SELECTOR = YES;
				GCC_WARN_UNINITIALIZED_AUTOS = YES_AGGRESSIVE;
				GCC_WARN_UNUSED_FUNCTION = YES;
				GCC_WARN_UNUSED_VARIABLE = YES;
				IPHONEOS_DEPLOYMENT_TARGET = 16.0;
				MTL_ENABLE_DEBUG_INFO = NO;
				MTL_FAST_MATH = YES;
				SDKROOT = iphoneos;
				SWIFT_COMPILATION_MODE = wholemodule;
				SWIFT_OPTIMIZATION_LEVEL = "-O";
				VALIDATE_PRODUCT = YES;
			};
			name = Release;
		};
		487074A128D8723400127281 /* Debug */ = {
			isa = XCBuildConfiguration;
			baseConfigurationReference = 9B6E3F0982E98D0F2790A73A /* Pods-MoviesDemoApp.debug.xcconfig */;
			buildSettings = {
				ASSETCATALOG_COMPILER_APPICON_NAME = AppIcon;
				ASSETCATALOG_COMPILER_GLOBAL_ACCENT_COLOR_NAME = AccentColor;
				CODE_SIGN_STYLE = Automatic;
				CURRENT_PROJECT_VERSION = 1;
				DEVELOPMENT_TEAM = P7YG254GA3;
				GENERATE_INFOPLIST_FILE = YES;
				INFOPLIST_FILE = MoviesDemoApp/Info.plist;
				INFOPLIST_KEY_UIApplicationSupportsIndirectInputEvents = YES;
				INFOPLIST_KEY_UILaunchStoryboardName = LaunchScreen;
				INFOPLIST_KEY_UIMainStoryboardFile = Main;
				INFOPLIST_KEY_UISupportedInterfaceOrientations_iPad = "UIInterfaceOrientationPortrait UIInterfaceOrientationPortraitUpsideDown UIInterfaceOrientationLandscapeLeft UIInterfaceOrientationLandscapeRight";
				INFOPLIST_KEY_UISupportedInterfaceOrientations_iPhone = "UIInterfaceOrientationPortrait UIInterfaceOrientationLandscapeLeft UIInterfaceOrientationLandscapeRight";
				IPHONEOS_DEPLOYMENT_TARGET = 15.0;
				LD_RUNPATH_SEARCH_PATHS = (
					"$(inherited)",
					"@executable_path/Frameworks",
				);
				MARKETING_VERSION = 1.0;
				PRODUCT_BUNDLE_IDENTIFIER = com.karma.MoviesDemoApp;
				PRODUCT_NAME = "$(TARGET_NAME)";
				SWIFT_EMIT_LOC_STRINGS = YES;
				SWIFT_VERSION = 5.0;
				TARGETED_DEVICE_FAMILY = "1,2";
			};
			name = Debug;
		};
		487074A228D8723400127281 /* Release */ = {
			isa = XCBuildConfiguration;
			baseConfigurationReference = 074F940A2576F481C985F5A0 /* Pods-MoviesDemoApp.release.xcconfig */;
			buildSettings = {
				ASSETCATALOG_COMPILER_APPICON_NAME = AppIcon;
				ASSETCATALOG_COMPILER_GLOBAL_ACCENT_COLOR_NAME = AccentColor;
				CODE_SIGN_STYLE = Automatic;
				CURRENT_PROJECT_VERSION = 1;
				DEVELOPMENT_TEAM = P7YG254GA3;
				GENERATE_INFOPLIST_FILE = YES;
				INFOPLIST_FILE = MoviesDemoApp/Info.plist;
				INFOPLIST_KEY_UIApplicationSupportsIndirectInputEvents = YES;
				INFOPLIST_KEY_UILaunchStoryboardName = LaunchScreen;
				INFOPLIST_KEY_UIMainStoryboardFile = Main;
				INFOPLIST_KEY_UISupportedInterfaceOrientations_iPad = "UIInterfaceOrientationPortrait UIInterfaceOrientationPortraitUpsideDown UIInterfaceOrientationLandscapeLeft UIInterfaceOrientationLandscapeRight";
				INFOPLIST_KEY_UISupportedInterfaceOrientations_iPhone = "UIInterfaceOrientationPortrait UIInterfaceOrientationLandscapeLeft UIInterfaceOrientationLandscapeRight";
				IPHONEOS_DEPLOYMENT_TARGET = 15.0;
				LD_RUNPATH_SEARCH_PATHS = (
					"$(inherited)",
					"@executable_path/Frameworks",
				);
				MARKETING_VERSION = 1.0;
				PRODUCT_BUNDLE_IDENTIFIER = com.karma.MoviesDemoApp;
				PRODUCT_NAME = "$(TARGET_NAME)";
				SWIFT_EMIT_LOC_STRINGS = YES;
				SWIFT_VERSION = 5.0;
				TARGETED_DEVICE_FAMILY = "1,2";
			};
			name = Release;
		};
/* End XCBuildConfiguration section */

/* Begin XCConfigurationList section */
		4870748728D8723200127281 /* Build configuration list for PBXProject "MoviesDemoApp" */ = {
			isa = XCConfigurationList;
			buildConfigurations = (
				4870749E28D8723400127281 /* Debug */,
				4870749F28D8723400127281 /* Release */,
			);
			defaultConfigurationIsVisible = 0;
			defaultConfigurationName = Release;
		};
		487074A028D8723400127281 /* Build configuration list for PBXNativeTarget "MoviesDemoApp" */ = {
			isa = XCConfigurationList;
			buildConfigurations = (
				487074A128D8723400127281 /* Debug */,
				487074A228D8723400127281 /* Release */,
			);
			defaultConfigurationIsVisible = 0;
			defaultConfigurationName = Release;
		};
/* End XCConfigurationList section */
	};
	rootObject = 4870748428D8723200127281 /* Project object */;
}
